// !$*UTF8*$!
{
	archiveVersion = 1;
	classes = {
	};
	objectVersion = 48;
	objects = {

/* Begin PBXBuildFile section */
		D74A12471FEF8A32003A7D50 /* AppDelegate.swift in Sources */ = {isa = PBXBuildFile; fileRef = D74A12461FEF8A32003A7D50 /* AppDelegate.swift */; };
		D74A12491FEF8A32003A7D50 /* ViewController.swift in Sources */ = {isa = PBXBuildFile; fileRef = D74A12481FEF8A32003A7D50 /* ViewController.swift */; };
		D74A124C1FEF8A32003A7D50 /* Main.storyboard in Resources */ = {isa = PBXBuildFile; fileRef = D74A124A1FEF8A32003A7D50 /* Main.storyboard */; };
		D74A124E1FEF8A32003A7D50 /* Assets.xcassets in Resources */ = {isa = PBXBuildFile; fileRef = D74A124D1FEF8A32003A7D50 /* Assets.xcassets */; };
		D74A12511FEF8A32003A7D50 /* LaunchScreen.storyboard in Resources */ = {isa = PBXBuildFile; fileRef = D74A124F1FEF8A32003A7D50 /* LaunchScreen.storyboard */; };
		D74A12591FEF93DE003A7D50 /* hustle-on.wav in Resources */ = {isa = PBXBuildFile; fileRef = D74A12581FEF93DE003A7D50 /* hustle-on.wav */; };
/* End PBXBuildFile section */

/* Begin PBXFileReference section */
		D74A12431FEF8A32003A7D50 /* Hustle-Mode.app */ = {isa = PBXFileReference; explicitFileType = wrapper.application; includeInIndex = 0; path = "Hustle-Mode.app"; sourceTree = BUILT_PRODUCTS_DIR; };
		D74A12461FEF8A32003A7D50 /* AppDelegate.swift */ = {isa = PBXFileReference; lastKnownFileType = sourcecode.swift; path = AppDelegate.swift; sourceTree = "<group>"; };
		D74A12481FEF8A32003A7D50 /* ViewController.swift */ = {isa = PBXFileReference; lastKnownFileType = sourcecode.swift; path = ViewController.swift; sourceTree = "<group>"; };
		D74A124B1FEF8A32003A7D50 /* Base */ = {isa = PBXFileReference; lastKnownFileType = file.storyboard; name = Base; path = Base.lproj/Main.storyboard; sourceTree = "<group>"; };
		D74A124D1FEF8A32003A7D50 /* Assets.xcassets */ = {isa = PBXFileReference; lastKnownFileType = folder.assetcatalog; path = Assets.xcassets; sourceTree = "<group>"; };
		D74A12501FEF8A32003A7D50 /* Base */ = {isa = PBXFileReference; lastKnownFileType = file.storyboard; name = Base; path = Base.lproj/LaunchScreen.storyboard; sourceTree = "<group>"; };
		D74A12521FEF8A32003A7D50 /* Info.plist */ = {isa = PBXFileReference; lastKnownFileType = text.plist.xml; path = Info.plist; sourceTree = "<group>"; };
		D74A12581FEF93DE003A7D50 /* hustle-on.wav */ = {isa = PBXFileReference; lastKnownFileType = audio.wav; name = "hustle-on.wav"; path = "../../../../Downloads/assets/Assets/hustle-on.wav"; sourceTree = "<group>"; };
/* End PBXFileReference section */

/* Begin PBXFrameworksBuildPhase section */
		D74A12401FEF8A32003A7D50 /* Frameworks */ = {
			isa = PBXFrameworksBuildPhase;
			buildActionMask = 2147483647;
			files = (
			);
			runOnlyForDeploymentPostprocessing = 0;
		};
/* End PBXFrameworksBuildPhase section */

/* Begin PBXGroup section */
		D74A123A1FEF8A32003A7D50 = {
			isa = PBXGroup;
			children = (
				D74A12451FEF8A32003A7D50 /* Hustle-Mode */,
				D74A12441FEF8A32003A7D50 /* Products */,
			);
			sourceTree = "<group>";
		};
		D74A12441FEF8A32003A7D50 /* Products */ = {
			isa = PBXGroup;
			children = (
				D74A12431FEF8A32003A7D50 /* Hustle-Mode.app */,
			);
			name = Products;
			sourceTree = "<group>";
		};
		D74A12451FEF8A32003A7D50 /* Hustle-Mode */ = {
			isa = PBXGroup;
			children = (
				D74A12581FEF93DE003A7D50 /* hustle-on.wav */,
				D74A12461FEF8A32003A7D50 /* AppDelegate.swift */,
				D74A12481FEF8A32003A7D50 /* ViewController.swift */,
				D74A124A1FEF8A32003A7D50 /* Main.storyboard */,
				D74A124D1FEF8A32003A7D50 /* Assets.xcassets */,
				D74A124F1FEF8A32003A7D50 /* LaunchScreen.storyboard */,
				D74A12521FEF8A32003A7D50 /* Info.plist */,
			);
			path = "Hustle-Mode";
			sourceTree = "<group>";
		};
/* End PBXGroup section */

/* Begin PBXNativeTarget section */
		D74A12421FEF8A32003A7D50 /* Hustle-Mode */ = {
			isa = PBXNativeTarget;
			buildConfigurationList = D74A12551FEF8A32003A7D50 /* Build configuration list for PBXNativeTarget "Hustle-Mode" */;
			buildPhases = (
				D74A123F1FEF8A32003A7D50 /* Sources */,
				D74A12401FEF8A32003A7D50 /* Frameworks */,
				D74A12411FEF8A32003A7D50 /* Resources */,
			);
			buildRules = (
			);
			dependencies = (
			);
			name = "Hustle-Mode";
			productName = "Hustle-Mode";
			productReference = D74A12431FEF8A32003A7D50 /* Hustle-Mode.app */;
			productType = "com.apple.product-type.application";
		};
/* End PBXNativeTarget section */

/* Begin PBXProject section */
		D74A123B1FEF8A32003A7D50 /* Project object */ = {
			isa = PBXProject;
			attributes = {
				LastSwiftUpdateCheck = 0920;
				LastUpgradeCheck = 0920;
				ORGANIZATIONNAME = "Robert Choe";
				TargetAttributes = {
					D74A12421FEF8A32003A7D50 = {
						CreatedOnToolsVersion = 9.2;
						ProvisioningStyle = Automatic;
					};
				};
			};
			buildConfigurationList = D74A123E1FEF8A32003A7D50 /* Build configuration list for PBXProject "Hustle-Mode" */;
			compatibilityVersion = "Xcode 8.0";
			developmentRegion = en;
			hasScannedForEncodings = 0;
			knownRegions = (
				en,
				Base,
			);
			mainGroup = D74A123A1FEF8A32003A7D50;
			productRefGroup = D74A12441FEF8A32003A7D50 /* Products */;
			projectDirPath = "";
			projectRoot = "";
			targets = (
				D74A12421FEF8A32003A7D50 /* Hustle-Mode */,
			);
		};
/* End PBXProject section */

/* Begin PBXResourcesBuildPhase section */
		D74A12411FEF8A32003A7D50 /* Resources */ = {
			isa = PBXResourcesBuildPhase;
			buildActionMask = 2147483647;
			files = (
				D74A12591FEF93DE003A7D50 /* hustle-on.wav in Resources */,
				D74A12511FEF8A32003A7D50 /* LaunchScreen.storyboard in Resources */,
				D74A124E1FEF8A32003A7D50 /* Assets.xcassets in Resources */,
				D74A124C1FEF8A32003A7D50 /* Main.storyboard in Resources */,
			);
			runOnlyForDeploymentPostprocessing = 0;
		};
/* End PBXResourcesBuildPhase section */

/* Begin PBXSourcesBuildPhase section */
		D74A123F1FEF8A32003A7D50 /* Sources */ = {
			isa = PBXSourcesBuildPhase;
			buildActionMask = 2147483647;
			files = (
				D74A12491FEF8A32003A7D50 /* ViewController.swift in Sources */,
				D74A12471FEF8A32003A7D50 /* AppDelegate.swift in Sources */,
			);
			runOnlyForDeploymentPostprocessing = 0;
		};
/* End PBXSourcesBuildPhase section */

/* Begin PBXVariantGroup section */
		D74A124A1FEF8A32003A7D50 /* Main.storyboard */ = {
			isa = PBXVariantGroup;
			children = (
				D74A124B1FEF8A32003A7D50 /* Base */,
			);
			name = Main.storyboard;
			sourceTree = "<group>";
		};
		D74A124F1FEF8A32003A7D50 /* LaunchScreen.storyboard */ = {
			isa = PBXVariantGroup;
			children = (
				D74A12501FEF8A32003A7D50 /* Base */,
			);
			name = LaunchScreen.storyboard;
			sourceTree = "<group>";
		};
/* End PBXVariantGroup section */

/* Begin XCBuildConfiguration section */
		D74A12531FEF8A32003A7D50 /* Debug */ = {
			isa = XCBuildConfiguration;
			buildSettings = {
				ALWAYS_SEARCH_USER_PATHS = NO;
				CLANG_ANALYZER_NONNULL = YES;
				CLANG_ANALYZER_NUMBER_OBJECT_CONVERSION = YES_AGGRESSIVE;
				CLANG_CXX_LANGUAGE_STANDARD = "gnu++14";
				CLANG_CXX_LIBRARY = "libc++";
				CLANG_ENABLE_MODULES = YES;
				CLANG_ENABLE_OBJC_ARC = YES;
				CLANG_WARN_BLOCK_CAPTURE_AUTORELEASING = YES;
				CLANG_WARN_BOOL_CONVERSION = YES;
				CLANG_WARN_COMMA = YES;
				CLANG_WARN_CONSTANT_CONVERSION = YES;
				CLANG_WARN_DIRECT_OBJC_ISA_USAGE = YES_ERROR;
				CLANG_WARN_DOCUMENTATION_COMMENTS = YES;
				CLANG_WARN_EMPTY_BODY = YES;
				CLANG_WARN_ENUM_CONVERSION = YES;
				CLANG_WARN_INFINITE_RECURSION = YES;
				CLANG_WARN_INT_CONVERSION = YES;
				CLANG_WARN_NON_LITERAL_NULL_CONVERSION = YES;
				CLANG_WARN_OBJC_LITERAL_CONVERSION = YES;
				CLANG_WARN_OBJC_ROOT_CLASS = YES_ERROR;
				CLANG_WARN_RANGE_LOOP_ANALYSIS = YES;
				CLANG_WARN_STRICT_PROTOTYPES = YES;
				CLANG_WARN_SUSPICIOUS_MOVE = YES;
				CLANG_WARN_UNGUARDED_AVAILABILITY = YES_AGGRESSIVE;
				CLANG_WARN_UNREACHABLE_CODE = YES;
				CLANG_WARN__DUPLICATE_METHOD_MATCH = YES;
				CODE_SIGN_IDENTITY = "iPhone Developer";
				COPY_PHASE_STRIP = NO;
				DEBUG_INFORMATION_FORMAT = dwarf;
				ENABLE_STRICT_OBJC_MSGSEND = YES;
				ENABLE_TESTABILITY = YES;
				GCC_C_LANGUAGE_STANDARD = gnu11;
				GCC_DYNAMIC_NO_PIC = NO;
				GCC_NO_COMMON_BLOCKS = YES;
				GCC_OPTIMIZATION_LEVEL = 0;
				GCC_PREPROCESSOR_DEFINITIONS = (
					"DEBUG=1",
					"$(inherited)",
				);
				GCC_WARN_64_TO_32_BIT_CONVERSION = YES;
				GCC_WARN_ABOUT_RETURN_TYPE = YES_ERROR;
				GCC_WARN_UNDECLARED_SELECTOR = YES;
				GCC_WARN_UNINITIALIZED_AUTOS = YES_AGGRESSIVE;
				GCC_WARN_UNUSED_FUNCTION = YES;
				GCC_WARN_UNUSED_VARIABLE = YES;
				IPHONEOS_DEPLOYMENT_TARGET = 11.2;
				MTL_ENABLE_DEBUG_INFO = YES;
				ONLY_ACTIVE_ARCH = YES;
				SDKROOT = iphoneos;
				SWIFT_ACTIVE_COMPILATION_CONDITIONS = DEBUG;
				SWIFT_OPTIMIZATION_LEVEL = "-Onone";
			};
			name = Debug;
		};
		D74A12541FEF8A32003A7D50 /* Release */ = {
			isa = XCBuildConfiguration;
			buildSettings = {
				ALWAYS_SEARCH_USER_PATHS = NO;
				CLANG_ANALYZER_NONNULL = YES;
				CLANG_ANALYZER_NUMBER_OBJECT_CONVERSION = YES_AGGRESSIVE;
				CLANG_CXX_LANGUAGE_STANDARD = "gnu++14";
				CLANG_CXX_LIBRARY = "libc++";
				CLANG_ENABLE_MODULES = YES;
				CLANG_ENABLE_OBJC_ARC = YES;
				CLANG_WARN_BLOCK_CAPTURE_AUTORELEASING = YES;
				CLANG_WARN_BOOL_CONVERSION = YES;
				CLANG_WARN_COMMA = YES;
				CLANG_WARN_CONSTANT_CONVERSION = YES;
				CLANG_WARN_DIRECT_OBJC_ISA_USAGE = YES_ERROR;
				CLANG_WARN_DOCUMENTATION_COMMENTS = YES;
				CLANG_WARN_EMPTY_BODY = YES;
				CLANG_WARN_ENUM_CONVERSION = YES;
				CLANG_WARN_INFINITE_RECURSION = YES;
				CLANG_WARN_INT_CONVERSION = YES;
				CLANG_WARN_NON_LITERAL_NULL_CONVERSION = YES;
				CLANG_WARN_OBJC_LITERAL_CONVERSION = YES;
				CLANG_WARN_OBJC_ROOT_CLASS = YES_ERROR;
				CLANG_WARN_RANGE_LOOP_ANALYSIS = YES;
				CLANG_WARN_STRICT_PROTOTYPES = YES;
				CLANG_WARN_SUSPICIOUS_MOVE = YES;
				CLANG_WARN_UNGUARDED_AVAILABILITY = YES_AGGRESSIVE;
				CLANG_WARN_UNREACHABLE_CODE = YES;
				CLANG_WARN__DUPLICATE_METHOD_MATCH = YES;
				CODE_SIGN_IDENTITY = "iPhone Developer";
				COPY_PHASE_STRIP = NO;
				DEBUG_INFORMATION_FORMAT = "dwarf-with-dsym";
				ENABLE_NS_ASSERTIONS = NO;
				ENABLE_STRICT_OBJC_MSGSEND = YES;
				GCC_C_LANGUAGE_STANDARD = gnu11;
				GCC_NO_COMMON_BLOCKS = YES;
				GCC_WARN_64_TO_32_BIT_CONVERSION = YES;
				GCC_WARN_ABOUT_RETURN_TYPE = YES_ERROR;
				GCC_WARN_UNDECLARED_SELECTOR = YES;
				GCC_WARN_UNINITIALIZED_AUTOS = YES_AGGRESSIVE;
				GCC_WARN_UNUSED_FUNCTION = YES;
				GCC_WARN_UNUSED_VARIABLE = YES;
				IPHONEOS_DEPLOYMENT_TARGET = 11.2;
				MTL_ENABLE_DEBUG_INFO = NO;
				SDKROOT = iphoneos;
				SWIFT_OPTIMIZATION_LEVEL = "-Owholemodule";
				VALIDATE_PRODUCT = YES;
			};
			name = Release;
		};
		D74A12561FEF8A32003A7D50 /* Debug */ = {
			isa = XCBuildConfiguration;
			buildSettings = {
				ASSETCATALOG_COMPILER_APPICON_NAME = AppIcon;
				CODE_SIGN_STYLE = Automatic;
				DEVELOPMENT_TEAM = LSP9LJQBT3;
				INFOPLIST_FILE = "Hustle-Mode/Info.plist";
				LD_RUNPATH_SEARCH_PATHS = "$(inherited) @executable_path/Frameworks";
				PRODUCT_BUNDLE_IDENTIFIER = "rchoe67.Hustle-Mode";
				PRODUCT_NAME = "$(TARGET_NAME)";
				SWIFT_VERSION = 4.0;
				TARGETED_DEVICE_FAMILY = "1,2";
			};
			name = Debug;
		};
		D74A12571FEF8A32003A7D50 /* Release */ = {
			isa = XCBuildConfiguration;
			buildSettings = {
				ASSETCATALOG_COMPILER_APPICON_NAME = AppIcon;
				CODE_SIGN_STYLE = Automatic;
				DEVELOPMENT_TEAM = LSP9LJQBT3;
				INFOPLIST_FILE = "Hustle-Mode/Info.plist";
				LD_RUNPATH_SEARCH_PATHS = "$(inherited) @executable_path/Frameworks";
				PRODUCT_BUNDLE_IDENTIFIER = "rchoe67.Hustle-Mode";
				PRODUCT_NAME = "$(TARGET_NAME)";
				SWIFT_VERSION = 4.0;
				TARGETED_DEVICE_FAMILY = "1,2";
			};
			name = Release;
		};
/* End XCBuildConfiguration section */

/* Begin XCConfigurationList section */
		D74A123E1FEF8A32003A7D50 /* Build configuration list for PBXProject "Hustle-Mode" */ = {
			isa = XCConfigurationList;
			buildConfigurations = (
				D74A12531FEF8A32003A7D50 /* Debug */,
				D74A12541FEF8A32003A7D50 /* Release */,
			);
			defaultConfigurationIsVisible = 0;
			defaultConfigurationName = Release;
		};
		D74A12551FEF8A32003A7D50 /* Build configuration list for PBXNativeTarget "Hustle-Mode" */ = {
			isa = XCConfigurationList;
			buildConfigurations = (
				D74A12561FEF8A32003A7D50 /* Debug */,
				D74A12571FEF8A32003A7D50 /* Release */,
			);
			defaultConfigurationIsVisible = 0;
			defaultConfigurationName = Release;
		};
/* End XCConfigurationList section */
	};
	rootObject = D74A123B1FEF8A32003A7D50 /* Project object */;
}
